
Microsoft Visual Studio Solution File, Format Version 12.00
# Visual Studio Version 17
VisualStudioVersion = 17.13.35919.96
MinimumVisualStudioVersion = 10.0.40219.1
Project("{FAE04EC0-301F-11D3-BF4B-00C04F79EFBC}") = "EjemploWeb", "EjemploWeb\EjemploWeb.csproj", "{FA518542-AE48-4CB1-A0A3-581ECE421F8E}"
EndProject
Project("{FAE04EC0-301F-11D3-BF4B-00C04F79EFBC}") = "EjemploAPI", "EjemploAPI\EjemploAPI.csproj", "{E13E437D-DAB7-41DB-8878-0F7D0FC5570C}"
EndProject
Project("{FAE04EC0-301F-11D3-BF4B-00C04F79EFBC}") = "EjemploData", "EjemploData\EjemploData.csproj", "{3A27BAE0-B5B0-49D1-BA0B-A108E975F81F}"
EndProject
Project("{FAE04EC0-301F-11D3-BF4B-00C04F79EFBC}") = "EjemploDataWeb", "EjemploDataWeb\EjemploDataWeb.csproj", "{A712994A-65AA-472D-9A45-1D953AB9EABB}"
EndProject
Project("{2150E333-8FDC-42A3-9474-1A3956D46DE8}") = "Data", "Data", "{02EA681E-C7D8-13C7-8484-4AC65E1B71E8}"
EndProject
Project("{2150E333-8FDC-42A3-9474-1A3956D46DE8}") = "Rest", "Rest", "{87CFE403-6F3B-4E91-AB72-8ED0D0A6CF31}"
EndProject
Project("{2150E333-8FDC-42A3-9474-1A3956D46DE8}") = "Web", "Web", "{06264225-E5C9-464B-A6AC-23C7DCA0204E}"
EndProject
Project("{E24C65DC-7377-472B-9ABA-BC803B73C61A}") = "EjemplosDataBase", "EjemplosDataBase\", "{CAEAB50C-A87F-73A2-A190-36E252F9A5F7}"
	ProjectSection(WebsiteProperties) = preProject
		TargetFrameworkMoniker = ".NETFramework,Version%3Dv4.8"
		Debug.AspNetCompiler.VirtualPath = "/localhost_57948"
		Debug.AspNetCompiler.PhysicalPath = "EjemplosDataBase\"
		Debug.AspNetCompiler.TargetPath = "PrecompiledWeb\localhost_57948\"
		Debug.AspNetCompiler.Updateable = "true"
		Debug.AspNetCompiler.ForceOverwrite = "true"
		Debug.AspNetCompiler.FixedNames = "false"
		Debug.AspNetCompiler.Debug = "True"
		Release.AspNetCompiler.VirtualPath = "/localhost_57948"
		Release.AspNetCompiler.PhysicalPath = "EjemplosDataBase\"
		Release.AspNetCompiler.TargetPath = "PrecompiledWeb\localhost_57948\"
		Release.AspNetCompiler.Updateable = "true"
		Release.AspNetCompiler.ForceOverwrite = "true"
		Release.AspNetCompiler.FixedNames = "false"
		Release.AspNetCompiler.Debug = "False"
		VWDPort = "57948"
		SlnRelativePath = "EjemplosDataBase\"
	EndProjectSection
EndProject
Global
	GlobalSection(SolutionConfigurationPlatforms) = preSolution
		Debug|Any CPU = Debug|Any CPU
		Release|Any CPU = Release|Any CPU
	EndGlobalSection
	GlobalSection(ProjectConfigurationPlatforms) = postSolution
		{FA518542-AE48-4CB1-A0A3-581ECE421F8E}.Debug|Any CPU.ActiveCfg = Debug|Any CPU
		{FA518542-AE48-4CB1-A0A3-581ECE421F8E}.Debug|Any CPU.Build.0 = Debug|Any CPU
		{FA518542-AE48-4CB1-A0A3-581ECE421F8E}.Release|Any CPU.ActiveCfg = Release|Any CPU
		{FA518542-AE48-4CB1-A0A3-581ECE421F8E}.Release|Any CPU.Build.0 = Release|Any CPU
		{E13E437D-DAB7-41DB-8878-0F7D0FC5570C}.Debug|Any CPU.ActiveCfg = Debug|Any CPU
		{E13E437D-DAB7-41DB-8878-0F7D0FC5570C}.Debug|Any CPU.Build.0 = Debug|Any CPU
		{E13E437D-DAB7-41DB-8878-0F7D0FC5570C}.Release|Any CPU.ActiveCfg = Release|Any CPU
		{E13E437D-DAB7-41DB-8878-0F7D0FC5570C}.Release|Any CPU.Build.0 = Release|Any CPU
		{3A27BAE0-B5B0-49D1-BA0B-A108E975F81F}.Debug|Any CPU.ActiveCfg = Debug|Any CPU
		{3A27BAE0-B5B0-49D1-BA0B-A108E975F81F}.Debug|Any CPU.Build.0 = Debug|Any CPU
		{3A27BAE0-B5B0-49D1-BA0B-A108E975F81F}.Release|Any CPU.ActiveCfg = Release|Any CPU
		{3A27BAE0-B5B0-49D1-BA0B-A108E975F81F}.Release|Any CPU.Build.0 = Release|Any CPU
		{A712994A-65AA-472D-9A45-1D953AB9EABB}.Debug|Any CPU.ActiveCfg = Debug|Any CPU
		{A712994A-65AA-472D-9A45-1D953AB9EABB}.Debug|Any CPU.Build.0 = Debug|Any CPU
		{A712994A-65AA-472D-9A45-1D953AB9EABB}.Release|Any CPU.ActiveCfg = Release|Any CPU
		{A712994A-65AA-472D-9A45-1D953AB9EABB}.Release|Any CPU.Build.0 = Release|Any CPU
		{CAEAB50C-A87F-73A2-A190-36E252F9A5F7}.Debug|Any CPU.ActiveCfg = Debug|Any CPU
		{CAEAB50C-A87F-73A2-A190-36E252F9A5F7}.Debug|Any CPU.Build.0 = Debug|Any CPU
		{CAEAB50C-A87F-73A2-A190-36E252F9A5F7}.Release|Any CPU.ActiveCfg = Debug|Any CPU
		{CAEAB50C-A87F-73A2-A190-36E252F9A5F7}.Release|Any CPU.Build.0 = Debug|Any CPU
	EndGlobalSection
	GlobalSection(SolutionProperties) = preSolution
		HideSolutionNode = FALSE
	EndGlobalSection
	GlobalSection(NestedProjects) = preSolution
		{FA518542-AE48-4CB1-A0A3-581ECE421F8E} = {06264225-E5C9-464B-A6AC-23C7DCA0204E}
		{E13E437D-DAB7-41DB-8878-0F7D0FC5570C} = {87CFE403-6F3B-4E91-AB72-8ED0D0A6CF31}
		{3A27BAE0-B5B0-49D1-BA0B-A108E975F81F} = {02EA681E-C7D8-13C7-8484-4AC65E1B71E8}
		{A712994A-65AA-472D-9A45-1D953AB9EABB} = {02EA681E-C7D8-13C7-8484-4AC65E1B71E8}
		{CAEAB50C-A87F-73A2-A190-36E252F9A5F7} = {02EA681E-C7D8-13C7-8484-4AC65E1B71E8}
	EndGlobalSection
	GlobalSection(ExtensibilityGlobals) = postSolution
		SolutionGuid = {21F1F800-1387-4564-8F76-FFAA0C267D54}
	EndGlobalSection
EndGlobal
